
Microsoft Visual Studio Solution File, Format Version 12.00
# Visual Studio Version 16
VisualStudioVersion = 16.0.31911.196
MinimumVisualStudioVersion = 10.0.40219.1
Project("{FAE04EC0-301F-11D3-BF4B-00C04F79EFBC}") = "YoutubeAPI.Web", "YoutubeAPI.Web\YoutubeAPI.Web.csproj", "{60355FFA-C037-4267-A438-093392BFA93A}"
EndProject
Global
	GlobalSection(SolutionConfigurationPlatforms) = preSolution
		Debug|Any CPU = Debug|Any CPU
		Release|Any CPU = Release|Any CPU
	EndGlobalSection
	GlobalSection(ProjectConfigurationPlatforms) = postSolution
		{60355FFA-C037-4267-A438-093392BFA93A}.Debug|Any CPU.ActiveCfg = Debug|Any CPU
		{60355FFA-C037-4267-A438-093392BFA93A}.Debug|Any CPU.Build.0 = Debug|Any CPU
		{60355FFA-C037-4267-A438-093392BFA93A}.Release|Any CPU.ActiveCfg = Release|Any CPU
		{60355FFA-C037-4267-A438-093392BFA93A}.Release|Any CPU.Build.0 = Release|Any CPU
	EndGlobalSection
	GlobalSection(SolutionProperties) = preSolution
		HideSolutionNode = FALSE
	EndGlobalSection
	GlobalSection(ExtensibilityGlobals) = postSolution
		SolutionGuid = {5AA45416-9746-4B6B-964E-2B43FBE16180}
	EndGlobalSection
EndGlobal
